
Microsoft Visual Studio Solution File, Format Version 11.00
# Visual C# Express 2010
Project("{FAE04EC0-301F-11D3-BF4B-00C04F79EFBC}") = "HinduArabicConverter", "HinduArabicConverter\HinduArabicConverter.csproj", "{44F0672C-25F4-4CE8-83D8-2E6991F01CA4}"
EndProject
Global
	GlobalSection(SolutionConfigurationPlatforms) = preSolution
		Debug|x86 = Debug|x86
		Release|x86 = Release|x86
	EndGlobalSection
	GlobalSection(ProjectConfigurationPlatforms) = postSolution
		{44F0672C-25F4-4CE8-83D8-2E6991F01CA4}.Debug|x86.ActiveCfg = Debug|x86
		{44F0672C-25F4-4CE8-83D8-2E6991F01CA4}.Debug|x86.Build.0 = Debug|x86
		{44F0672C-25F4-4CE8-83D8-2E6991F01CA4}.Release|x86.ActiveCfg = Release|x86
		{44F0672C-25F4-4CE8-83D8-2E6991F01CA4}.Release|x86.Build.0 = Release|x86
	EndGlobalSection
	GlobalSection(SolutionProperties) = preSolution
		HideSolutionNode = FALSE
	EndGlobalSection
EndGlobal
